// !$*UTF8*$!
{
	archiveVersion = 1;
	classes = {
	};
	objectVersion = 50;
	objects = {

/* Begin PBXBuildFile section */
		29991FEE211BDAC000550FF6 /* AppDelegate.swift in Sources */ = {isa = PBXBuildFile; fileRef = 29991FED211BDAC000550FF6 /* AppDelegate.swift */; };
		29991FF0211BDAC000550FF6 /* LandingPageViewController.swift in Sources */ = {isa = PBXBuildFile; fileRef = 29991FEF211BDAC000550FF6 /* LandingPageViewController.swift */; };
		29991FF3211BDAC000550FF6 /* Main.storyboard in Resources */ = {isa = PBXBuildFile; fileRef = 29991FF1211BDAC000550FF6 /* Main.storyboard */; };
		29991FF5211BDAC300550FF6 /* Assets.xcassets in Resources */ = {isa = PBXBuildFile; fileRef = 29991FF4211BDAC300550FF6 /* Assets.xcassets */; };
		29991FF8211BDAC300550FF6 /* LaunchScreen.storyboard in Resources */ = {isa = PBXBuildFile; fileRef = 29991FF6211BDAC300550FF6 /* LaunchScreen.storyboard */; };
		29992000211BE07700550FF6 /* Localizable.strings in Resources */ = {isa = PBXBuildFile; fileRef = 29991FFF211BE07700550FF6 /* Localizable.strings */; };
		29992002211BECC100550FF6 /* VotingViewController.swift in Sources */ = {isa = PBXBuildFile; fileRef = 29992001211BECC100550FF6 /* VotingViewController.swift */; };
/* End PBXBuildFile section */

/* Begin PBXFileReference section */
		29991FEA211BDAC000550FF6 /* doggos.app */ = {isa = PBXFileReference; explicitFileType = wrapper.application; includeInIndex = 0; path = doggos.app; sourceTree = BUILT_PRODUCTS_DIR; };
		29991FED211BDAC000550FF6 /* AppDelegate.swift */ = {isa = PBXFileReference; lastKnownFileType = sourcecode.swift; path = AppDelegate.swift; sourceTree = "<group>"; };
		29991FEF211BDAC000550FF6 /* LandingPageViewController.swift */ = {isa = PBXFileReference; lastKnownFileType = sourcecode.swift; path = LandingPageViewController.swift; sourceTree = "<group>"; };
		29991FF2211BDAC000550FF6 /* Base */ = {isa = PBXFileReference; lastKnownFileType = file.storyboard; name = Base; path = Base.lproj/Main.storyboard; sourceTree = "<group>"; };
		29991FF4211BDAC300550FF6 /* Assets.xcassets */ = {isa = PBXFileReference; lastKnownFileType = folder.assetcatalog; path = Assets.xcassets; sourceTree = "<group>"; };
		29991FF7211BDAC300550FF6 /* Base */ = {isa = PBXFileReference; lastKnownFileType = file.storyboard; name = Base; path = Base.lproj/LaunchScreen.storyboard; sourceTree = "<group>"; };
		29991FF9211BDAC300550FF6 /* Info.plist */ = {isa = PBXFileReference; lastKnownFileType = text.plist.xml; path = Info.plist; sourceTree = "<group>"; };
		29991FFF211BE07700550FF6 /* Localizable.strings */ = {isa = PBXFileReference; lastKnownFileType = text.plist.strings; path = Localizable.strings; sourceTree = "<group>"; };
		29992001211BECC100550FF6 /* VotingViewController.swift */ = {isa = PBXFileReference; lastKnownFileType = sourcecode.swift; path = VotingViewController.swift; sourceTree = "<group>"; };
/* End PBXFileReference section */

/* Begin PBXFrameworksBuildPhase section */
		29991FE7211BDAC000550FF6 /* Frameworks */ = {
			isa = PBXFrameworksBuildPhase;
			buildActionMask = 2147483647;
			files = (
			);
			runOnlyForDeploymentPostprocessing = 0;
		};
/* End PBXFrameworksBuildPhase section */

/* Begin PBXGroup section */
		29991FE1211BDAC000550FF6 = {
			isa = PBXGroup;
			children = (
				29991FEC211BDAC000550FF6 /* doggos */,
				29991FEB211BDAC000550FF6 /* Products */,
			);
			sourceTree = "<group>";
		};
		29991FEB211BDAC000550FF6 /* Products */ = {
			isa = PBXGroup;
			children = (
				29991FEA211BDAC000550FF6 /* doggos.app */,
			);
			name = Products;
			sourceTree = "<group>";
		};
		29991FEC211BDAC000550FF6 /* doggos */ = {
			isa = PBXGroup;
			children = (
				29991FED211BDAC000550FF6 /* AppDelegate.swift */,
				29991FEF211BDAC000550FF6 /* LandingPageViewController.swift */,
				29991FF1211BDAC000550FF6 /* Main.storyboard */,
				29991FF4211BDAC300550FF6 /* Assets.xcassets */,
				29991FF6211BDAC300550FF6 /* LaunchScreen.storyboard */,
				29991FF9211BDAC300550FF6 /* Info.plist */,
				29991FFF211BE07700550FF6 /* Localizable.strings */,
				29992001211BECC100550FF6 /* VotingViewController.swift */,
			);
			path = doggos;
			sourceTree = "<group>";
		};
/* End PBXGroup section */

/* Begin PBXNativeTarget section */
		29991FE9211BDAC000550FF6 /* doggos */ = {
			isa = PBXNativeTarget;
			buildConfigurationList = 29991FFC211BDAC300550FF6 /* Build configuration list for PBXNativeTarget "doggos" */;
			buildPhases = (
				29991FE6211BDAC000550FF6 /* Sources */,
				29991FE7211BDAC000550FF6 /* Frameworks */,
				29991FE8211BDAC000550FF6 /* Resources */,
			);
			buildRules = (
			);
			dependencies = (
			);
			name = doggos;
			productName = doggos;
			productReference = 29991FEA211BDAC000550FF6 /* doggos.app */;
			productType = "com.apple.product-type.application";
		};
/* End PBXNativeTarget section */

/* Begin PBXProject section */
		29991FE2211BDAC000550FF6 /* Project object */ = {
			isa = PBXProject;
			attributes = {
				LastSwiftUpdateCheck = 0940;
				LastUpgradeCheck = 0940;
				ORGANIZATIONNAME = "Tiffany, Abby";
				TargetAttributes = {
					29991FE9211BDAC000550FF6 = {
						CreatedOnToolsVersion = 9.4.1;
					};
				};
			};
			buildConfigurationList = 29991FE5211BDAC000550FF6 /* Build configuration list for PBXProject "doggos" */;
			compatibilityVersion = "Xcode 9.3";
			developmentRegion = en;
			hasScannedForEncodings = 0;
			knownRegions = (
				en,
				Base,
			);
			mainGroup = 29991FE1211BDAC000550FF6;
			productRefGroup = 29991FEB211BDAC000550FF6 /* Products */;
			projectDirPath = "";
			projectRoot = "";
			targets = (
				29991FE9211BDAC000550FF6 /* doggos */,
			);
		};
/* End PBXProject section */

/* Begin PBXResourcesBuildPhase section */
		29991FE8211BDAC000550FF6 /* Resources */ = {
			isa = PBXResourcesBuildPhase;
			buildActionMask = 2147483647;
			files = (
				29991FF8211BDAC300550FF6 /* LaunchScreen.storyboard in Resources */,
				29992000211BE07700550FF6 /* Localizable.strings in Resources */,
				29991FF5211BDAC300550FF6 /* Assets.xcassets in Resources */,
				29991FF3211BDAC000550FF6 /* Main.storyboard in Resources */,
			);
			runOnlyForDeploymentPostprocessing = 0;
		};
/* End PBXResourcesBuildPhase section */

/* Begin PBXSourcesBuildPhase section */
		29991FE6211BDAC000550FF6 /* Sources */ = {
			isa = PBXSourcesBuildPhase;
			buildActionMask = 2147483647;
			files = (
				29991FF0211BDAC000550FF6 /* LandingPageViewController.swift in Sources */,
				29991FEE211BDAC000550FF6 /* AppDelegate.swift in Sources */,
				29992002211BECC100550FF6 /* VotingViewController.swift in Sources */,
			);
			runOnlyForDeploymentPostprocessing = 0;
		};
/* End PBXSourcesBuildPhase section */

/* Begin PBXVariantGroup section */
		29991FF1211BDAC000550FF6 /* Main.storyboard */ = {
			isa = PBXVariantGroup;
			children = (
				29991FF2211BDAC000550FF6 /* Base */,
			);
			name = Main.storyboard;
			sourceTree = "<group>";
		};
		29991FF6211BDAC300550FF6 /* LaunchScreen.storyboard */ = {
			isa = PBXVariantGroup;
			children = (
				29991FF7211BDAC300550FF6 /* Base */,
			);
			name = LaunchScreen.storyboard;
			sourceTree = "<group>";
		};
/* End PBXVariantGroup section */

/* Begin XCBuildConfiguration section */
		29991FFA211BDAC300550FF6 /* Debug */ = {
			isa = XCBuildConfiguration;
			buildSettings = {
				ALWAYS_SEARCH_USER_PATHS = NO;
				CLANG_ANALYZER_NONNULL = YES;
				CLANG_ANALYZER_NUMBER_OBJECT_CONVERSION = YES_AGGRESSIVE;
				CLANG_CXX_LANGUAGE_STANDARD = "gnu++14";
				CLANG_CXX_LIBRARY = "libc++";
				CLANG_ENABLE_MODULES = YES;
				CLANG_ENABLE_OBJC_ARC = YES;
				CLANG_ENABLE_OBJC_WEAK = YES;
				CLANG_WARN_BLOCK_CAPTURE_AUTORELEASING = YES;
				CLANG_WARN_BOOL_CONVERSION = YES;
				CLANG_WARN_COMMA = YES;
				CLANG_WARN_CONSTANT_CONVERSION = YES;
				CLANG_WARN_DEPRECATED_OBJC_IMPLEMENTATIONS = YES;
				CLANG_WARN_DIRECT_OBJC_ISA_USAGE = YES_ERROR;
				CLANG_WARN_DOCUMENTATION_COMMENTS = YES;
				CLANG_WARN_EMPTY_BODY = YES;
				CLANG_WARN_ENUM_CONVERSION = YES;
				CLANG_WARN_INFINITE_RECURSION = YES;
				CLANG_WARN_INT_CONVERSION = YES;
				CLANG_WARN_NON_LITERAL_NULL_CONVERSION = YES;
				CLANG_WARN_OBJC_IMPLICIT_RETAIN_SELF = YES;
				CLANG_WARN_OBJC_LITERAL_CONVERSION = YES;
				CLANG_WARN_OBJC_ROOT_CLASS = YES_ERROR;
				CLANG_WARN_RANGE_LOOP_ANALYSIS = YES;
				CLANG_WARN_STRICT_PROTOTYPES = YES;
				CLANG_WARN_SUSPICIOUS_MOVE = YES;
				CLANG_WARN_UNGUARDED_AVAILABILITY = YES_AGGRESSIVE;
				CLANG_WARN_UNREACHABLE_CODE = YES;
				CLANG_WARN__DUPLICATE_METHOD_MATCH = YES;
				CODE_SIGN_IDENTITY = "iPhone Developer";
				COPY_PHASE_STRIP = NO;
				DEBUG_INFORMATION_FORMAT = dwarf;
				ENABLE_STRICT_OBJC_MSGSEND = YES;
				ENABLE_TESTABILITY = YES;
				GCC_C_LANGUAGE_STANDARD = gnu11;
				GCC_DYNAMIC_NO_PIC = NO;
				GCC_NO_COMMON_BLOCKS = YES;
				GCC_OPTIMIZATION_LEVEL = 0;
				GCC_PREPROCESSOR_DEFINITIONS = (
					"DEBUG=1",
					"$(inherited)",
				);
				GCC_WARN_64_TO_32_BIT_CONVERSION = YES;
				GCC_WARN_ABOUT_RETURN_TYPE = YES_ERROR;
				GCC_WARN_UNDECLARED_SELECTOR = YES;
				GCC_WARN_UNINITIALIZED_AUTOS = YES_AGGRESSIVE;
				GCC_WARN_UNUSED_FUNCTION = YES;
				GCC_WARN_UNUSED_VARIABLE = YES;
				IPHONEOS_DEPLOYMENT_TARGET = 11.4;
				MTL_ENABLE_DEBUG_INFO = YES;
				ONLY_ACTIVE_ARCH = YES;
				SDKROOT = iphoneos;
				SWIFT_ACTIVE_COMPILATION_CONDITIONS = DEBUG;
				SWIFT_OPTIMIZATION_LEVEL = "-Onone";
			};
			name = Debug;
		};
		29991FFB211BDAC300550FF6 /* Release */ = {
			isa = XCBuildConfiguration;
			buildSettings = {
				ALWAYS_SEARCH_USER_PATHS = NO;
				CLANG_ANALYZER_NONNULL = YES;
				CLANG_ANALYZER_NUMBER_OBJECT_CONVERSION = YES_AGGRESSIVE;
				CLANG_CXX_LANGUAGE_STANDARD = "gnu++14";
				CLANG_CXX_LIBRARY = "libc++";
				CLANG_ENABLE_MODULES = YES;
				CLANG_ENABLE_OBJC_ARC = YES;
				CLANG_ENABLE_OBJC_WEAK = YES;
				CLANG_WARN_BLOCK_CAPTURE_AUTORELEASING = YES;
				CLANG_WARN_BOOL_CONVERSION = YES;
				CLANG_WARN_COMMA = YES;
				CLANG_WARN_CONSTANT_CONVERSION = YES;
				CLANG_WARN_DEPRECATED_OBJC_IMPLEMENTATIONS = YES;
				CLANG_WARN_DIRECT_OBJC_ISA_USAGE = YES_ERROR;
				CLANG_WARN_DOCUMENTATION_COMMENTS = YES;
				CLANG_WARN_EMPTY_BODY = YES;
				CLANG_WARN_ENUM_CONVERSION = YES;
				CLANG_WARN_INFINITE_RECURSION = YES;
				CLANG_WARN_INT_CONVERSION = YES;
				CLANG_WARN_NON_LITERAL_NULL_CONVERSION = YES;
				CLANG_WARN_OBJC_IMPLICIT_RETAIN_SELF = YES;
				CLANG_WARN_OBJC_LITERAL_CONVERSION = YES;
				CLANG_WARN_OBJC_ROOT_CLASS = YES_ERROR;
				CLANG_WARN_RANGE_LOOP_ANALYSIS = YES;
				CLANG_WARN_STRICT_PROTOTYPES = YES;
				CLANG_WARN_SUSPICIOUS_MOVE = YES;
				CLANG_WARN_UNGUARDED_AVAILABILITY = YES_AGGRESSIVE;
				CLANG_WARN_UNREACHABLE_CODE = YES;
				CLANG_WARN__DUPLICATE_METHOD_MATCH = YES;
				CODE_SIGN_IDENTITY = "iPhone Developer";
				COPY_PHASE_STRIP = NO;
				DEBUG_INFORMATION_FORMAT = "dwarf-with-dsym";
				ENABLE_NS_ASSERTIONS = NO;
				ENABLE_STRICT_OBJC_MSGSEND = YES;
				GCC_C_LANGUAGE_STANDARD = gnu11;
				GCC_NO_COMMON_BLOCKS = YES;
				GCC_WARN_64_TO_32_BIT_CONVERSION = YES;
				GCC_WARN_ABOUT_RETURN_TYPE = YES_ERROR;
				GCC_WARN_UNDECLARED_SELECTOR = YES;
				GCC_WARN_UNINITIALIZED_AUTOS = YES_AGGRESSIVE;
				GCC_WARN_UNUSED_FUNCTION = YES;
				GCC_WARN_UNUSED_VARIABLE = YES;
				IPHONEOS_DEPLOYMENT_TARGET = 11.4;
				MTL_ENABLE_DEBUG_INFO = NO;
				SDKROOT = iphoneos;
				SWIFT_COMPILATION_MODE = wholemodule;
				SWIFT_OPTIMIZATION_LEVEL = "-O";
				VALIDATE_PRODUCT = YES;
			};
			name = Release;
		};
		29991FFD211BDAC300550FF6 /* Debug */ = {
			isa = XCBuildConfiguration;
			buildSettings = {
				ASSETCATALOG_COMPILER_APPICON_NAME = AppIcon;
				CODE_SIGN_STYLE = Automatic;
				DEVELOPMENT_TEAM = 255BX3GWTY;
				INFOPLIST_FILE = doggos/Info.plist;
				LD_RUNPATH_SEARCH_PATHS = (
					"$(inherited)",
					"@executable_path/Frameworks",
				);
				PRODUCT_BUNDLE_IDENTIFIER = com.abbytiffany.doggos;
				PRODUCT_NAME = "$(TARGET_NAME)";
				SWIFT_VERSION = 4.0;
				TARGETED_DEVICE_FAMILY = "1,2";
			};
			name = Debug;
		};
		29991FFE211BDAC300550FF6 /* Release */ = {
			isa = XCBuildConfiguration;
			buildSettings = {
				ASSETCATALOG_COMPILER_APPICON_NAME = AppIcon;
				CODE_SIGN_STYLE = Automatic;
				DEVELOPMENT_TEAM = 255BX3GWTY;
				INFOPLIST_FILE = doggos/Info.plist;
				LD_RUNPATH_SEARCH_PATHS = (
					"$(inherited)",
					"@executable_path/Frameworks",
				);
				PRODUCT_BUNDLE_IDENTIFIER = com.abbytiffany.doggos;
				PRODUCT_NAME = "$(TARGET_NAME)";
				SWIFT_VERSION = 4.0;
				TARGETED_DEVICE_FAMILY = "1,2";
			};
			name = Release;
		};
/* End XCBuildConfiguration section */

/* Begin XCConfigurationList section */
		29991FE5211BDAC000550FF6 /* Build configuration list for PBXProject "doggos" */ = {
			isa = XCConfigurationList;
			buildConfigurations = (
				29991FFA211BDAC300550FF6 /* Debug */,
				29991FFB211BDAC300550FF6 /* Release */,
			);
			defaultConfigurationIsVisible = 0;
			defaultConfigurationName = Release;
		};
		29991FFC211BDAC300550FF6 /* Build configuration list for PBXNativeTarget "doggos" */ = {
			isa = XCConfigurationList;
			buildConfigurations = (
				29991FFD211BDAC300550FF6 /* Debug */,
				29991FFE211BDAC300550FF6 /* Release */,
			);
			defaultConfigurationIsVisible = 0;
			defaultConfigurationName = Release;
		};
/* End XCConfigurationList section */
	};
	rootObject = 29991FE2211BDAC000550FF6 /* Project object */;
}
